
Microsoft Visual Studio Solution File, Format Version 12.00
# Visual Studio Version 17
VisualStudioVersion = 17.11.35327.3
MinimumVisualStudioVersion = 10.0.40219.1
Project("{FAE04EC0-301F-11D3-BF4B-00C04F79EFBC}") = "Program", "Program\Program.csproj", "{FEF49BE6-A929-4315-95A5-6D2225D09EBE}"
EndProject
Project("{2150E333-8FDC-42A3-9474-1A3956D46DE8}") = "Solution Items", "Solution Items", "{BF5B9B51-EE07-4A54-9637-A13EB348069E}"
	ProjectSection(SolutionItems) = preProject
		.editorconfig = .editorconfig
		.gitignore = .gitignore
		compose.yaml = compose.yaml
		README.md = README.md
	EndProjectSection
EndProject
Project("{FAE04EC0-301F-11D3-BF4B-00C04F79EFBC}") = "Tests", "Tests\Tests.csproj", "{06411EFB-AC10-40F8-B2F6-14BDCB486EF9}"
EndProject
Project("{FAE04EC0-301F-11D3-BF4B-00C04F79EFBC}") = "WebApi", "WebApi\WebApi.csproj", "{6E63C460-DEAB-447E-A5B5-F2D78F9FDEB5}"
EndProject
Project("{FAE04EC0-301F-11D3-BF4B-00C04F79EFBC}") = "DatabaseMigrator", "DatabaseMigrator\DatabaseMigrator.csproj", "{C674D52D-5551-48FE-A0A7-A5ABA5C880DF}"
EndProject
Global
	GlobalSection(SolutionConfigurationPlatforms) = preSolution
		Debug|Any CPU = Debug|Any CPU
		Release|Any CPU = Release|Any CPU
	EndGlobalSection
	GlobalSection(ProjectConfigurationPlatforms) = postSolution
		{FEF49BE6-A929-4315-95A5-6D2225D09EBE}.Debug|Any CPU.ActiveCfg = Debug|Any CPU
		{FEF49BE6-A929-4315-95A5-6D2225D09EBE}.Debug|Any CPU.Build.0 = Debug|Any CPU
		{FEF49BE6-A929-4315-95A5-6D2225D09EBE}.Release|Any CPU.ActiveCfg = Release|Any CPU
		{FEF49BE6-A929-4315-95A5-6D2225D09EBE}.Release|Any CPU.Build.0 = Release|Any CPU
		{06411EFB-AC10-40F8-B2F6-14BDCB486EF9}.Debug|Any CPU.ActiveCfg = Debug|Any CPU
		{06411EFB-AC10-40F8-B2F6-14BDCB486EF9}.Debug|Any CPU.Build.0 = Debug|Any CPU
		{06411EFB-AC10-40F8-B2F6-14BDCB486EF9}.Release|Any CPU.ActiveCfg = Release|Any CPU
		{06411EFB-AC10-40F8-B2F6-14BDCB486EF9}.Release|Any CPU.Build.0 = Release|Any CPU
		{6E63C460-DEAB-447E-A5B5-F2D78F9FDEB5}.Debug|Any CPU.ActiveCfg = Debug|Any CPU
		{6E63C460-DEAB-447E-A5B5-F2D78F9FDEB5}.Debug|Any CPU.Build.0 = Debug|Any CPU
		{6E63C460-DEAB-447E-A5B5-F2D78F9FDEB5}.Release|Any CPU.ActiveCfg = Release|Any CPU
		{6E63C460-DEAB-447E-A5B5-F2D78F9FDEB5}.Release|Any CPU.Build.0 = Release|Any CPU
		{C674D52D-5551-48FE-A0A7-A5ABA5C880DF}.Debug|Any CPU.ActiveCfg = Debug|Any CPU
		{C674D52D-5551-48FE-A0A7-A5ABA5C880DF}.Debug|Any CPU.Build.0 = Debug|Any CPU
		{C674D52D-5551-48FE-A0A7-A5ABA5C880DF}.Release|Any CPU.ActiveCfg = Release|Any CPU
		{C674D52D-5551-48FE-A0A7-A5ABA5C880DF}.Release|Any CPU.Build.0 = Release|Any CPU
	EndGlobalSection
	GlobalSection(SolutionProperties) = preSolution
		HideSolutionNode = FALSE
	EndGlobalSection
	GlobalSection(ExtensibilityGlobals) = postSolution
		SolutionGuid = {B9A6B303-27EF-46D1-A34D-F56D61AEE092}
	EndGlobalSection
EndGlobal
